
Microsoft Visual Studio Solution File, Format Version 12.00
# Visual Studio Version 17
VisualStudioVersion = 17.14.36121.58 d17.14
MinimumVisualStudioVersion = 10.0.40219.1
Project("{FAE04EC0-301F-11D3-BF4B-00C04F79EFBC}") = "kovlab1", "kovlab1\kovlab1.csproj", "{1E8C3136-04AA-4384-BD85-B1097DE52EC4}"
EndProject
Global
	GlobalSection(SolutionConfigurationPlatforms) = preSolution
		Debug|Any CPU = Debug|Any CPU
		Release|Any CPU = Release|Any CPU
	EndGlobalSection
	GlobalSection(ProjectConfigurationPlatforms) = postSolution
		{1E8C3136-04AA-4384-BD85-B1097DE52EC4}.Debug|Any CPU.ActiveCfg = Debug|Any CPU
		{1E8C3136-04AA-4384-BD85-B1097DE52EC4}.Debug|Any CPU.Build.0 = Debug|Any CPU
		{1E8C3136-04AA-4384-BD85-B1097DE52EC4}.Release|Any CPU.ActiveCfg = Release|Any CPU
		{1E8C3136-04AA-4384-BD85-B1097DE52EC4}.Release|Any CPU.Build.0 = Release|Any CPU
	EndGlobalSection
	GlobalSection(SolutionProperties) = preSolution
		HideSolutionNode = FALSE
	EndGlobalSection
	GlobalSection(ExtensibilityGlobals) = postSolution
		SolutionGuid = {CAD5FEF7-DB56-4DF4-AC8D-9F80B8F28041}
	EndGlobalSection
EndGlobal
